// !$*UTF8*$!
{
	archiveVersion = 1;
	classes = {
	};
	objectVersion = 55;
	objects = {

/* Begin PBXBuildFile section */
		540B0B97279451950001F3C0 /* UserLevelRow.swift in Sources */ = {isa = PBXBuildFile; fileRef = 540B0B96279451950001F3C0 /* UserLevelRow.swift */; };
		540B0B9A279452940001F3C0 /* UserLevelPages.swift in Sources */ = {isa = PBXBuildFile; fileRef = 540B0B99279452940001F3C0 /* UserLevelPages.swift */; };
		540B0B9C2794537F0001F3C0 /* UserLevelModel.swift in Sources */ = {isa = PBXBuildFile; fileRef = 540B0B9B2794537F0001F3C0 /* UserLevelModel.swift */; };
		540F659627B396EC007756A9 /* ProfileModule.swift in Sources */ = {isa = PBXBuildFile; fileRef = 540F659527B396EC007756A9 /* ProfileModule.swift */; };
		540F659927B3DA6F007756A9 /* URLImage in Frameworks */ = {isa = PBXBuildFile; productRef = 540F659827B3DA6F007756A9 /* URLImage */; };
		540F659B27B3DA6F007756A9 /* URLImageStore in Frameworks */ = {isa = PBXBuildFile; productRef = 540F659A27B3DA6F007756A9 /* URLImageStore */; };
		540F659D27B3DB24007756A9 /* DownloadImage.swift in Sources */ = {isa = PBXBuildFile; fileRef = 540F659C27B3DB24007756A9 /* DownloadImage.swift */; };
		5421EA4527900B6E00DCA41B /* RefreshableScrollView.swift in Sources */ = {isa = PBXBuildFile; fileRef = 5421EA4427900B6E00DCA41B /* RefreshableScrollView.swift */; };
		5421EA472790288800DCA41B /* WalletRowModule.swift in Sources */ = {isa = PBXBuildFile; fileRef = 5421EA462790288800DCA41B /* WalletRowModule.swift */; };
		5421EA4927902ADC00DCA41B /* WalletCurrency.swift in Sources */ = {isa = PBXBuildFile; fileRef = 5421EA4827902ADC00DCA41B /* WalletCurrency.swift */; };
		5421EA4B27902FC800DCA41B /* WalletModel.swift in Sources */ = {isa = PBXBuildFile; fileRef = 5421EA4A27902FC800DCA41B /* WalletModel.swift */; };
		543EDD1827BA46380005E23D /* Dictionery.swift in Sources */ = {isa = PBXBuildFile; fileRef = 543EDD1727BA46380005E23D /* Dictionery.swift */; };
		5462A6AC27B7986B007059D3 /* marshal.gif in Resources */ = {isa = PBXBuildFile; fileRef = 5462A6AB27B7986B007059D3 /* marshal.gif */; };
		5470E3B327CF8E4A009A0F27 /* Far-Bank.ttf in Resources */ = {isa = PBXBuildFile; fileRef = 5470E3B227CF8E4A009A0F27 /* Far-Bank.ttf */; };
		5482F9B3279413F9004772A4 /* MarshalWalletTabBar.swift in Sources */ = {isa = PBXBuildFile; fileRef = 5482F9B2279413F9004772A4 /* MarshalWalletTabBar.swift */; };
		5482F9B527941570004772A4 /* WalletPages.swift in Sources */ = {isa = PBXBuildFile; fileRef = 5482F9B427941570004772A4 /* WalletPages.swift */; };
		5489A4E92792EB830068E122 /* WalletPriceList.swift in Sources */ = {isa = PBXBuildFile; fileRef = 5489A4E82792EB830068E122 /* WalletPriceList.swift */; };
		5489A4EB2792EEED0068E122 /* WalletDeposit.swift in Sources */ = {isa = PBXBuildFile; fileRef = 5489A4EA2792EEED0068E122 /* WalletDeposit.swift */; };
		5489A4ED2792F01B0068E122 /* WalletTransfer.swift in Sources */ = {isa = PBXBuildFile; fileRef = 5489A4EC2792F01B0068E122 /* WalletTransfer.swift */; };
		5489A4EF2792FD3E0068E122 /* WalletWithdraw.swift in Sources */ = {isa = PBXBuildFile; fileRef = 5489A4EE2792FD3E0068E122 /* WalletWithdraw.swift */; };
		54B028A927B8E30A00D38609 /* HistoryModule.swift in Sources */ = {isa = PBXBuildFile; fileRef = 54B028A827B8E30A00D38609 /* HistoryModule.swift */; };
		54D2481527B262A400538D47 /* InvestmentModule.swift in Sources */ = {isa = PBXBuildFile; fileRef = 54D2481427B262A400538D47 /* InvestmentModule.swift */; };
		54D2481C27B264A500538D47 /* SwiftUIGIF in Frameworks */ = {isa = PBXBuildFile; productRef = 54D2481B27B264A500538D47 /* SwiftUIGIF */; };
		B80FC7C027858CA100EAEB40 /* ConstantData.swift in Sources */ = {isa = PBXBuildFile; fileRef = B80FC7BF27858CA100EAEB40 /* ConstantData.swift */; };
		B81807F52782F60300E67616 /* ExchangeTopBar.swift in Sources */ = {isa = PBXBuildFile; fileRef = B81807F42782F60200E67616 /* ExchangeTopBar.swift */; };
		B818C83E2784879700740769 /* ImagePicker.swift in Sources */ = {isa = PBXBuildFile; fileRef = B818C83D2784879700740769 /* ImagePicker.swift */; };
		B818C8402784886500740769 /* Photo.swift in Sources */ = {isa = PBXBuildFile; fileRef = B818C83F2784886500740769 /* Photo.swift */; };
		B818C8422784B50800740769 /* ImageCropper.swift in Sources */ = {isa = PBXBuildFile; fileRef = B818C8412784B50800740769 /* ImageCropper.swift */; };
		B818C8452784B65C00740769 /* Mantis in Frameworks */ = {isa = PBXBuildFile; productRef = B818C8442784B65C00740769 /* Mantis */; };
		B82313DF2775F0EA00743A42 /* MarshalApp.swift in Sources */ = {isa = PBXBuildFile; fileRef = B82313DE2775F0EA00743A42 /* MarshalApp.swift */; };
		B82313E32775F0EB00743A42 /* Assets.xcassets in Resources */ = {isa = PBXBuildFile; fileRef = B82313E22775F0EB00743A42 /* Assets.xcassets */; };
		B82313E62775F0EB00743A42 /* Preview Assets.xcassets in Resources */ = {isa = PBXBuildFile; fileRef = B82313E52775F0EB00743A42 /* Preview Assets.xcassets */; };
		B886A944278899EB007879EB /* HomePages.swift in Sources */ = {isa = PBXBuildFile; fileRef = B886A943278899EB007879EB /* HomePages.swift */; };
		B886F26F278DE3050083ADC7 /* MarshalWalletTabPageModule.swift in Sources */ = {isa = PBXBuildFile; fileRef = B886F26E278DE3050083ADC7 /* MarshalWalletTabPageModule.swift */; };
		B88AFABF278883DC00E6B450 /* ExchangeList.swift in Sources */ = {isa = PBXBuildFile; fileRef = B88AFABE278883DC00E6B450 /* ExchangeList.swift */; };
		B8AE1F912775F60D0090125D /* MarshalPhoneNumber.swift in Sources */ = {isa = PBXBuildFile; fileRef = B8AE1F902775F60D0090125D /* MarshalPhoneNumber.swift */; };
		B8AE1F932775F6430090125D /* CountryList.swift in Sources */ = {isa = PBXBuildFile; fileRef = B8AE1F922775F6430090125D /* CountryList.swift */; };
		B8AE1F952775F6720090125D /* MarshalTextField.swift in Sources */ = {isa = PBXBuildFile; fileRef = B8AE1F942775F6720090125D /* MarshalTextField.swift */; };
		B8AE1F972775F6D80090125D /* Submit.swift in Sources */ = {isa = PBXBuildFile; fileRef = B8AE1F962775F6D80090125D /* Submit.swift */; };
		B8AE1F9A2775F7190090125D /* Login.swift in Sources */ = {isa = PBXBuildFile; fileRef = B8AE1F992775F7190090125D /* Login.swift */; };
		B8AE1F9C2775F7690090125D /* Splash.swift in Sources */ = {isa = PBXBuildFile; fileRef = B8AE1F9B2775F7690090125D /* Splash.swift */; };
		B8AE1FA02775F9A90090125D /* CountryCodes.swift in Sources */ = {isa = PBXBuildFile; fileRef = B8AE1F9F2775F9A90090125D /* CountryCodes.swift */; };
		B8AE1FA22775F9DA0090125D /* Status.swift in Sources */ = {isa = PBXBuildFile; fileRef = B8AE1FA12775F9DA0090125D /* Status.swift */; };
		B8AE1FB527760ECE0090125D /* IRANSansMobileNoEn UltraLight.ttf in Resources */ = {isa = PBXBuildFile; fileRef = B8AE1FA427760ECD0090125D /* IRANSansMobileNoEn UltraLight.ttf */; };
		B8AE1FB627760ECE0090125D /* IRANSansMobileNoEn Medium.ttf in Resources */ = {isa = PBXBuildFile; fileRef = B8AE1FA527760ECD0090125D /* IRANSansMobileNoEn Medium.ttf */; };
		B8AE1FB727760ECE0090125D /* IRANSansMobileFaNum UltraLight.ttf in Resources */ = {isa = PBXBuildFile; fileRef = B8AE1FA627760ECD0090125D /* IRANSansMobileFaNum UltraLight.ttf */; };
		B8AE1FB827760ECE0090125D /* Roboto Light.ttf in Resources */ = {isa = PBXBuildFile; fileRef = B8AE1FA727760ECD0090125D /* Roboto Light.ttf */; };
		B8AE1FB927760ECE0090125D /* Roboto Thin.ttf in Resources */ = {isa = PBXBuildFile; fileRef = B8AE1FA827760ECD0090125D /* Roboto Thin.ttf */; };
		B8AE1FBA27760ECE0090125D /* Roboto Black.ttf in Resources */ = {isa = PBXBuildFile; fileRef = B8AE1FA927760ECD0090125D /* Roboto Black.ttf */; };
		B8AE1FBB27760ECE0090125D /* IRANSansMobileFaNum Bold.ttf in Resources */ = {isa = PBXBuildFile; fileRef = B8AE1FAA27760ECD0090125D /* IRANSansMobileFaNum Bold.ttf */; };
		B8AE1FBC27760ECE0090125D /* Roboto Regular.ttf in Resources */ = {isa = PBXBuildFile; fileRef = B8AE1FAB27760ECD0090125D /* Roboto Regular.ttf */; };
		B8AE1FBD27760ECE0090125D /* IRANSansMobileFaNum Light.ttf in Resources */ = {isa = PBXBuildFile; fileRef = B8AE1FAC27760ECE0090125D /* IRANSansMobileFaNum Light.ttf */; };
		B8AE1FBE27760ECE0090125D /* Roboto Italic.ttf in Resources */ = {isa = PBXBuildFile; fileRef = B8AE1FAD27760ECE0090125D /* Roboto Italic.ttf */; };
		B8AE1FBF27760ECE0090125D /* IRANSansMobileFaNum Black.ttf in Resources */ = {isa = PBXBuildFile; fileRef = B8AE1FAE27760ECE0090125D /* IRANSansMobileFaNum Black.ttf */; };
		B8AE1FC027760ECE0090125D /* Roboto Medium.ttf in Resources */ = {isa = PBXBuildFile; fileRef = B8AE1FAF27760ECE0090125D /* Roboto Medium.ttf */; };
		B8AE1FC127760ECE0090125D /* Roboto Bold.ttf in Resources */ = {isa = PBXBuildFile; fileRef = B8AE1FB027760ECE0090125D /* Roboto Bold.ttf */; };
		B8AE1FC227760ECE0090125D /* IRANSansMobileFaNum Medium.ttf in Resources */ = {isa = PBXBuildFile; fileRef = B8AE1FB127760ECE0090125D /* IRANSansMobileFaNum Medium.ttf */; };
		B8AE1FC327760ECE0090125D /* IRANSansMobileNoEn Bold.ttf in Resources */ = {isa = PBXBuildFile; fileRef = B8AE1FB227760ECE0090125D /* IRANSansMobileNoEn Bold.ttf */; };
		B8AE1FC427760ECE0090125D /* IRANSansMobileNoEn Black.ttf in Resources */ = {isa = PBXBuildFile; fileRef = B8AE1FB327760ECE0090125D /* IRANSansMobileNoEn Black.ttf */; };
		B8AE1FC527760ECE0090125D /* IRANSansMobileNoEn Light.ttf in Resources */ = {isa = PBXBuildFile; fileRef = B8AE1FB427760ECE0090125D /* IRANSansMobileNoEn Light.ttf */; };
		B8AE1FC827760F000090125D /* SwiftyJSON in Frameworks */ = {isa = PBXBuildFile; productRef = B8AE1FC727760F000090125D /* SwiftyJSON */; };
		B8AE1FCB27760F0B0090125D /* Alamofire in Frameworks */ = {isa = PBXBuildFile; productRef = B8AE1FCA27760F0B0090125D /* Alamofire */; };
		B8AE1FCD27760F230090125D /* CallApi.swift in Sources */ = {isa = PBXBuildFile; fileRef = B8AE1FCC27760F230090125D /* CallApi.swift */; };
		B8AE1FCF2776110D0090125D /* NetworkManeger.swift in Sources */ = {isa = PBXBuildFile; fileRef = B8AE1FCE2776110D0090125D /* NetworkManeger.swift */; };
		B8AE1FD4277617350090125D /* ProgressViewMarshal.swift in Sources */ = {isa = PBXBuildFile; fileRef = B8AE1FD3277617350090125D /* ProgressViewMarshal.swift */; };
		B8AE1FD6277618E60090125D /* FailedMarshal.swift in Sources */ = {isa = PBXBuildFile; fileRef = B8AE1FD5277618E60090125D /* FailedMarshal.swift */; };
		B8AE1FD8277619990090125D /* NetworkFailed.swift in Sources */ = {isa = PBXBuildFile; fileRef = B8AE1FD7277619990090125D /* NetworkFailed.swift */; };
		B8BA97B627CF5E3400BE7E30 /* UserCart.swift in Sources */ = {isa = PBXBuildFile; fileRef = B8BA97B527CF5E3400BE7E30 /* UserCart.swift */; };
		B8CF231C27A5BAD60070F85C /* ExchangePage.swift in Sources */ = {isa = PBXBuildFile; fileRef = B8CF231B27A5BAD60070F85C /* ExchangePage.swift */; };
		B8D2C1812779D29600F0C207 /* User.swift in Sources */ = {isa = PBXBuildFile; fileRef = B8D2C1802779D29600F0C207 /* User.swift */; };
		B8D2C183277A411A00F0C207 /* Information.swift in Sources */ = {isa = PBXBuildFile; fileRef = B8D2C182277A411A00F0C207 /* Information.swift */; };
		B8E7B0B927BBDEE100639D59 /* MarshalDatePicker.swift in Sources */ = {isa = PBXBuildFile; fileRef = B8E7B0B827BBDEE100639D59 /* MarshalDatePicker.swift */; };
		B8E7B0BB27BC05D600639D59 /* MarhalDateOfBirth.swift in Sources */ = {isa = PBXBuildFile; fileRef = B8E7B0BA27BC05D600639D59 /* MarhalDateOfBirth.swift */; };
		B8F29240277B1A7C004F75A4 /* Home.swift in Sources */ = {isa = PBXBuildFile; fileRef = B8F2923F277B1A7C004F75A4 /* Home.swift */; };
		B8F6D2D62786E51800121964 /* Extentions.swift in Sources */ = {isa = PBXBuildFile; fileRef = B8F6D2D52786E51800121964 /* Extentions.swift */; };
		B8F6D2D827871F1E00121964 /* Currency.swift in Sources */ = {isa = PBXBuildFile; fileRef = B8F6D2D727871F1E00121964 /* Currency.swift */; };
		B8F6D2DA2787210000121964 /* ConvertJsonToObject.swift in Sources */ = {isa = PBXBuildFile; fileRef = B8F6D2D92787210000121964 /* ConvertJsonToObject.swift */; };
		C1F8A8A427DCCB1500EDDE2D /* HistoyRow.swift in Sources */ = {isa = PBXBuildFile; fileRef = C1F8A8A327DCCB1500EDDE2D /* HistoyRow.swift */; };
		C1F8A8A627DCCC3800EDDE2D /* HistoryModel.swift in Sources */ = {isa = PBXBuildFile; fileRef = C1F8A8A527DCCC3800EDDE2D /* HistoryModel.swift */; };
		CA4B9D6F2780390F0070272F /* MarshalCompleteProfileStepBar.swift in Sources */ = {isa = PBXBuildFile; fileRef = CA4B9D6E2780390E0070272F /* MarshalCompleteProfileStepBar.swift */; };
		CA4B9D732780578A0070272F /* UploadImageStep.swift in Sources */ = {isa = PBXBuildFile; fileRef = CA4B9D72278057890070272F /* UploadImageStep.swift */; };
		CA4B9D75278189D20070272F /* UserLevelModule.swift in Sources */ = {isa = PBXBuildFile; fileRef = CA4B9D74278189D20070272F /* UserLevelModule.swift */; };
		CA4B9D77278193B80070272F /* PertianImformationStep.swift in Sources */ = {isa = PBXBuildFile; fileRef = CA4B9D76278193B80070272F /* PertianImformationStep.swift */; };
		CA4B9D792781992C0070272F /* EnglishInformationStep.swift in Sources */ = {isa = PBXBuildFile; fileRef = CA4B9D782781992C0070272F /* EnglishInformationStep.swift */; };
		CA4B9D7B27819C1E0070272F /* WorkInformationStep.swift in Sources */ = {isa = PBXBuildFile; fileRef = CA4B9D7A27819C1E0070272F /* WorkInformationStep.swift */; };
		CA4B9D7D27819EC20070272F /* EducationInformationStep.swift in Sources */ = {isa = PBXBuildFile; fileRef = CA4B9D7C27819EC20070272F /* EducationInformationStep.swift */; };
		CA4B9D7F27830AB80070272F /* CompleteProfileAllStepModule.swift in Sources */ = {isa = PBXBuildFile; fileRef = CA4B9D7E27830AB80070272F /* CompleteProfileAllStepModule.swift */; };
		CA745B9A278457F7009CF62A /* MarshalTrendTabPageModule.swift in Sources */ = {isa = PBXBuildFile; fileRef = CA745B99278457F7009CF62A /* MarshalTrendTabPageModule.swift */; };
		CA9FB8D7277C685E006D411C /* MarshalTabBar.swift in Sources */ = {isa = PBXBuildFile; fileRef = CA9FB8D6277C685E006D411C /* MarshalTabBar.swift */; };
		CA9FB8DB277C9661006D411C /* RoundedCorners.swift in Sources */ = {isa = PBXBuildFile; fileRef = CA9FB8DA277C9660006D411C /* RoundedCorners.swift */; };
		CA9FB8DD277CE9D8006D411C /* MarshalTrendingListEachRow.swift in Sources */ = {isa = PBXBuildFile; fileRef = CA9FB8DC277CE9D7006D411C /* MarshalTrendingListEachRow.swift */; };
		CAD09B3D277DB1EF000BFC13 /* MarshalTopBarType01.swift in Sources */ = {isa = PBXBuildFile; fileRef = CAD09B3C277DB1EF000BFC13 /* MarshalTopBarType01.swift */; };
/* End PBXBuildFile section */

/* Begin PBXFileReference section */
		540B0B96279451950001F3C0 /* UserLevelRow.swift */ = {isa = PBXFileReference; lastKnownFileType = sourcecode.swift; path = UserLevelRow.swift; sourceTree = "<group>"; };
		540B0B99279452940001F3C0 /* UserLevelPages.swift */ = {isa = PBXFileReference; lastKnownFileType = sourcecode.swift; path = UserLevelPages.swift; sourceTree = "<group>"; };
		540B0B9B2794537F0001F3C0 /* UserLevelModel.swift */ = {isa = PBXFileReference; lastKnownFileType = sourcecode.swift; path = UserLevelModel.swift; sourceTree = "<group>"; };
		540F659527B396EC007756A9 /* ProfileModule.swift */ = {isa = PBXFileReference; lastKnownFileType = sourcecode.swift; path = ProfileModule.swift; sourceTree = "<group>"; };
		540F659C27B3DB24007756A9 /* DownloadImage.swift */ = {isa = PBXFileReference; lastKnownFileType = sourcecode.swift; path = DownloadImage.swift; sourceTree = "<group>"; };
		5421EA4427900B6E00DCA41B /* RefreshableScrollView.swift */ = {isa = PBXFileReference; lastKnownFileType = sourcecode.swift; path = RefreshableScrollView.swift; sourceTree = "<group>"; };
		5421EA462790288800DCA41B /* WalletRowModule.swift */ = {isa = PBXFileReference; lastKnownFileType = sourcecode.swift; path = WalletRowModule.swift; sourceTree = "<group>"; };
		5421EA4827902ADC00DCA41B /* WalletCurrency.swift */ = {isa = PBXFileReference; lastKnownFileType = sourcecode.swift; path = WalletCurrency.swift; sourceTree = "<group>"; };
		5421EA4A27902FC800DCA41B /* WalletModel.swift */ = {isa = PBXFileReference; lastKnownFileType = sourcecode.swift; path = WalletModel.swift; sourceTree = "<group>"; };
		543EDD1727BA46380005E23D /* Dictionery.swift */ = {isa = PBXFileReference; lastKnownFileType = sourcecode.swift; path = Dictionery.swift; sourceTree = "<group>"; };
		5462A6AB27B7986B007059D3 /* marshal.gif */ = {isa = PBXFileReference; lastKnownFileType = image.gif; path = marshal.gif; sourceTree = "<group>"; };
		5470E3B227CF8E4A009A0F27 /* Far-Bank.ttf */ = {isa = PBXFileReference; lastKnownFileType = file; path = "Far-Bank.ttf"; sourceTree = "<group>"; };
		5482F9B2279413F9004772A4 /* MarshalWalletTabBar.swift */ = {isa = PBXFileReference; lastKnownFileType = sourcecode.swift; path = MarshalWalletTabBar.swift; sourceTree = "<group>"; };
		5482F9B427941570004772A4 /* WalletPages.swift */ = {isa = PBXFileReference; lastKnownFileType = sourcecode.swift; path = WalletPages.swift; sourceTree = "<group>"; };
		5489A4E82792EB830068E122 /* WalletPriceList.swift */ = {isa = PBXFileReference; lastKnownFileType = sourcecode.swift; path = WalletPriceList.swift; sourceTree = "<group>"; };
		5489A4EA2792EEED0068E122 /* WalletDeposit.swift */ = {isa = PBXFileReference; lastKnownFileType = sourcecode.swift; path = WalletDeposit.swift; sourceTree = "<group>"; };
		5489A4EC2792F01B0068E122 /* WalletTransfer.swift */ = {isa = PBXFileReference; lastKnownFileType = sourcecode.swift; path = WalletTransfer.swift; sourceTree = "<group>"; };
		5489A4EE2792FD3E0068E122 /* WalletWithdraw.swift */ = {isa = PBXFileReference; lastKnownFileType = sourcecode.swift; path = WalletWithdraw.swift; sourceTree = "<group>"; };
		54B028A827B8E30A00D38609 /* HistoryModule.swift */ = {isa = PBXFileReference; lastKnownFileType = sourcecode.swift; path = HistoryModule.swift; sourceTree = "<group>"; };
		54D2481427B262A400538D47 /* InvestmentModule.swift */ = {isa = PBXFileReference; lastKnownFileType = sourcecode.swift; path = InvestmentModule.swift; sourceTree = "<group>"; };
		B80FC7BF27858CA100EAEB40 /* ConstantData.swift */ = {isa = PBXFileReference; lastKnownFileType = sourcecode.swift; path = ConstantData.swift; sourceTree = "<group>"; };
		B81807F42782F60200E67616 /* ExchangeTopBar.swift */ = {isa = PBXFileReference; lastKnownFileType = sourcecode.swift; path = ExchangeTopBar.swift; sourceTree = "<group>"; };
		B818C83D2784879700740769 /* ImagePicker.swift */ = {isa = PBXFileReference; lastKnownFileType = sourcecode.swift; path = ImagePicker.swift; sourceTree = "<group>"; };
		B818C83F2784886500740769 /* Photo.swift */ = {isa = PBXFileReference; lastKnownFileType = sourcecode.swift; path = Photo.swift; sourceTree = "<group>"; };
		B818C8412784B50800740769 /* ImageCropper.swift */ = {isa = PBXFileReference; lastKnownFileType = sourcecode.swift; path = ImageCropper.swift; sourceTree = "<group>"; };
		B82313DB2775F0EA00743A42 /* Marshal.app */ = {isa = PBXFileReference; explicitFileType = wrapper.application; includeInIndex = 0; path = Marshal.app; sourceTree = BUILT_PRODUCTS_DIR; };
		B82313DE2775F0EA00743A42 /* MarshalApp.swift */ = {isa = PBXFileReference; lastKnownFileType = sourcecode.swift; path = MarshalApp.swift; sourceTree = "<group>"; };
		B82313E22775F0EB00743A42 /* Assets.xcassets */ = {isa = PBXFileReference; lastKnownFileType = folder.assetcatalog; path = Assets.xcassets; sourceTree = "<group>"; };
		B82313E52775F0EB00743A42 /* Preview Assets.xcassets */ = {isa = PBXFileReference; lastKnownFileType = folder.assetcatalog; path = "Preview Assets.xcassets"; sourceTree = "<group>"; };
		B886A943278899EB007879EB /* HomePages.swift */ = {isa = PBXFileReference; lastKnownFileType = sourcecode.swift; path = HomePages.swift; sourceTree = "<group>"; };
		B886F26E278DE3050083ADC7 /* MarshalWalletTabPageModule.swift */ = {isa = PBXFileReference; lastKnownFileType = sourcecode.swift; path = MarshalWalletTabPageModule.swift; sourceTree = "<group>"; };
		B88AFABE278883DC00E6B450 /* ExchangeList.swift */ = {isa = PBXFileReference; lastKnownFileType = sourcecode.swift; path = ExchangeList.swift; sourceTree = "<group>"; };
		B8AE1F902775F60D0090125D /* MarshalPhoneNumber.swift */ = {isa = PBXFileReference; lastKnownFileType = sourcecode.swift; path = MarshalPhoneNumber.swift; sourceTree = "<group>"; };
		B8AE1F922775F6430090125D /* CountryList.swift */ = {isa = PBXFileReference; lastKnownFileType = sourcecode.swift; path = CountryList.swift; sourceTree = "<group>"; };
		B8AE1F942775F6720090125D /* MarshalTextField.swift */ = {isa = PBXFileReference; lastKnownFileType = sourcecode.swift; path = MarshalTextField.swift; sourceTree = "<group>"; };
		B8AE1F962775F6D80090125D /* Submit.swift */ = {isa = PBXFileReference; lastKnownFileType = sourcecode.swift; path = Submit.swift; sourceTree = "<group>"; };
		B8AE1F992775F7190090125D /* Login.swift */ = {isa = PBXFileReference; lastKnownFileType = sourcecode.swift; path = Login.swift; sourceTree = "<group>"; };
		B8AE1F9B2775F7690090125D /* Splash.swift */ = {isa = PBXFileReference; lastKnownFileType = sourcecode.swift; path = Splash.swift; sourceTree = "<group>"; };
		B8AE1F9F2775F9A90090125D /* CountryCodes.swift */ = {isa = PBXFileReference; lastKnownFileType = sourcecode.swift; path = CountryCodes.swift; sourceTree = "<group>"; };
		B8AE1FA12775F9DA0090125D /* Status.swift */ = {isa = PBXFileReference; lastKnownFileType = sourcecode.swift; path = Status.swift; sourceTree = "<group>"; };
		B8AE1FA427760ECD0090125D /* IRANSansMobileNoEn UltraLight.ttf */ = {isa = PBXFileReference; lastKnownFileType = file; path = "IRANSansMobileNoEn UltraLight.ttf"; sourceTree = "<group>"; };
		B8AE1FA527760ECD0090125D /* IRANSansMobileNoEn Medium.ttf */ = {isa = PBXFileReference; lastKnownFileType = file; path = "IRANSansMobileNoEn Medium.ttf"; sourceTree = "<group>"; };
		B8AE1FA627760ECD0090125D /* IRANSansMobileFaNum UltraLight.ttf */ = {isa = PBXFileReference; lastKnownFileType = file; path = "IRANSansMobileFaNum UltraLight.ttf"; sourceTree = "<group>"; };
		B8AE1FA727760ECD0090125D /* Roboto Light.ttf */ = {isa = PBXFileReference; lastKnownFileType = file; path = "Roboto Light.ttf"; sourceTree = "<group>"; };
		B8AE1FA827760ECD0090125D /* Roboto Thin.ttf */ = {isa = PBXFileReference; lastKnownFileType = file; path = "Roboto Thin.ttf"; sourceTree = "<group>"; };
		B8AE1FA927760ECD0090125D /* Roboto Black.ttf */ = {isa = PBXFileReference; lastKnownFileType = file; path = "Roboto Black.ttf"; sourceTree = "<group>"; };
		B8AE1FAA27760ECD0090125D /* IRANSansMobileFaNum Bold.ttf */ = {isa = PBXFileReference; lastKnownFileType = file; path = "IRANSansMobileFaNum Bold.ttf"; sourceTree = "<group>"; };
		B8AE1FAB27760ECD0090125D /* Roboto Regular.ttf */ = {isa = PBXFileReference; lastKnownFileType = file; path = "Roboto Regular.ttf"; sourceTree = "<group>"; };
		B8AE1FAC27760ECE0090125D /* IRANSansMobileFaNum Light.ttf */ = {isa = PBXFileReference; lastKnownFileType = file; path = "IRANSansMobileFaNum Light.ttf"; sourceTree = "<group>"; };
		B8AE1FAD27760ECE0090125D /* Roboto Italic.ttf */ = {isa = PBXFileReference; lastKnownFileType = file; path = "Roboto Italic.ttf"; sourceTree = "<group>"; };
		B8AE1FAE27760ECE0090125D /* IRANSansMobileFaNum Black.ttf */ = {isa = PBXFileReference; lastKnownFileType = file; path = "IRANSansMobileFaNum Black.ttf"; sourceTree = "<group>"; };
		B8AE1FAF27760ECE0090125D /* Roboto Medium.ttf */ = {isa = PBXFileReference; lastKnownFileType = file; path = "Roboto Medium.ttf"; sourceTree = "<group>"; };
		B8AE1FB027760ECE0090125D /* Roboto Bold.ttf */ = {isa = PBXFileReference; lastKnownFileType = file; path = "Roboto Bold.ttf"; sourceTree = "<group>"; };
		B8AE1FB127760ECE0090125D /* IRANSansMobileFaNum Medium.ttf */ = {isa = PBXFileReference; lastKnownFileType = file; path = "IRANSansMobileFaNum Medium.ttf"; sourceTree = "<group>"; };
		B8AE1FB227760ECE0090125D /* IRANSansMobileNoEn Bold.ttf */ = {isa = PBXFileReference; lastKnownFileType = file; path = "IRANSansMobileNoEn Bold.ttf"; sourceTree = "<group>"; };
		B8AE1FB327760ECE0090125D /* IRANSansMobileNoEn Black.ttf */ = {isa = PBXFileReference; lastKnownFileType = file; path = "IRANSansMobileNoEn Black.ttf"; sourceTree = "<group>"; };
		B8AE1FB427760ECE0090125D /* IRANSansMobileNoEn Light.ttf */ = {isa = PBXFileReference; lastKnownFileType = file; path = "IRANSansMobileNoEn Light.ttf"; sourceTree = "<group>"; };
		B8AE1FCC27760F230090125D /* CallApi.swift */ = {isa = PBXFileReference; lastKnownFileType = sourcecode.swift; path = CallApi.swift; sourceTree = "<group>"; };
		B8AE1FCE2776110D0090125D /* NetworkManeger.swift */ = {isa = PBXFileReference; lastKnownFileType = sourcecode.swift; path = NetworkManeger.swift; sourceTree = "<group>"; };
		B8AE1FD3277617350090125D /* ProgressViewMarshal.swift */ = {isa = PBXFileReference; lastKnownFileType = sourcecode.swift; path = ProgressViewMarshal.swift; sourceTree = "<group>"; };
		B8AE1FD5277618E60090125D /* FailedMarshal.swift */ = {isa = PBXFileReference; lastKnownFileType = sourcecode.swift; path = FailedMarshal.swift; sourceTree = "<group>"; };
		B8AE1FD7277619990090125D /* NetworkFailed.swift */ = {isa = PBXFileReference; lastKnownFileType = sourcecode.swift; path = NetworkFailed.swift; sourceTree = "<group>"; };
		B8BA97B527CF5E3400BE7E30 /* UserCart.swift */ = {isa = PBXFileReference; lastKnownFileType = sourcecode.swift; path = UserCart.swift; sourceTree = "<group>"; };
		B8BD264F2775F41D00213CB8 /* Info.plist */ = {isa = PBXFileReference; lastKnownFileType = text.plist; path = Info.plist; sourceTree = "<group>"; };
		B8CF231B27A5BAD60070F85C /* ExchangePage.swift */ = {isa = PBXFileReference; lastKnownFileType = sourcecode.swift; path = ExchangePage.swift; sourceTree = "<group>"; };
		B8D2C1802779D29600F0C207 /* User.swift */ = {isa = PBXFileReference; lastKnownFileType = sourcecode.swift; path = User.swift; sourceTree = "<group>"; };
		B8D2C182277A411A00F0C207 /* Information.swift */ = {isa = PBXFileReference; lastKnownFileType = sourcecode.swift; path = Information.swift; sourceTree = "<group>"; };
		B8E7B0B827BBDEE100639D59 /* MarshalDatePicker.swift */ = {isa = PBXFileReference; lastKnownFileType = sourcecode.swift; path = MarshalDatePicker.swift; sourceTree = "<group>"; };
		B8E7B0BA27BC05D600639D59 /* MarhalDateOfBirth.swift */ = {isa = PBXFileReference; lastKnownFileType = sourcecode.swift; path = MarhalDateOfBirth.swift; sourceTree = "<group>"; };
		B8F2923F277B1A7C004F75A4 /* Home.swift */ = {isa = PBXFileReference; lastKnownFileType = sourcecode.swift; path = Home.swift; sourceTree = "<group>"; };
		B8F6D2D52786E51800121964 /* Extentions.swift */ = {isa = PBXFileReference; lastKnownFileType = sourcecode.swift; path = Extentions.swift; sourceTree = "<group>"; };
		B8F6D2D727871F1E00121964 /* Currency.swift */ = {isa = PBXFileReference; lastKnownFileType = sourcecode.swift; path = Currency.swift; sourceTree = "<group>"; };
		B8F6D2D92787210000121964 /* ConvertJsonToObject.swift */ = {isa = PBXFileReference; lastKnownFileType = sourcecode.swift; path = ConvertJsonToObject.swift; sourceTree = "<group>"; };
		C1F8A8A327DCCB1500EDDE2D /* HistoyRow.swift */ = {isa = PBXFileReference; lastKnownFileType = sourcecode.swift; path = HistoyRow.swift; sourceTree = "<group>"; };
		C1F8A8A527DCCC3800EDDE2D /* HistoryModel.swift */ = {isa = PBXFileReference; lastKnownFileType = sourcecode.swift; path = HistoryModel.swift; sourceTree = "<group>"; };
		CA4B9D6E2780390E0070272F /* MarshalCompleteProfileStepBar.swift */ = {isa = PBXFileReference; lastKnownFileType = sourcecode.swift; path = MarshalCompleteProfileStepBar.swift; sourceTree = "<group>"; };
		CA4B9D72278057890070272F /* UploadImageStep.swift */ = {isa = PBXFileReference; lastKnownFileType = sourcecode.swift; path = UploadImageStep.swift; sourceTree = "<group>"; };
		CA4B9D74278189D20070272F /* UserLevelModule.swift */ = {isa = PBXFileReference; lastKnownFileType = sourcecode.swift; path = UserLevelModule.swift; sourceTree = "<group>"; };
		CA4B9D76278193B80070272F /* PertianImformationStep.swift */ = {isa = PBXFileReference; lastKnownFileType = sourcecode.swift; path = PertianImformationStep.swift; sourceTree = "<group>"; };
		CA4B9D782781992C0070272F /* EnglishInformationStep.swift */ = {isa = PBXFileReference; lastKnownFileType = sourcecode.swift; path = EnglishInformationStep.swift; sourceTree = "<group>"; };
		CA4B9D7A27819C1E0070272F /* WorkInformationStep.swift */ = {isa = PBXFileReference; lastKnownFileType = sourcecode.swift; path = WorkInformationStep.swift; sourceTree = "<group>"; };
		CA4B9D7C27819EC20070272F /* EducationInformationStep.swift */ = {isa = PBXFileReference; lastKnownFileType = sourcecode.swift; path = EducationInformationStep.swift; sourceTree = "<group>"; };
		CA4B9D7E27830AB80070272F /* CompleteProfileAllStepModule.swift */ = {isa = PBXFileReference; lastKnownFileType = sourcecode.swift; path = CompleteProfileAllStepModule.swift; sourceTree = "<group>"; };
		CA745B99278457F7009CF62A /* MarshalTrendTabPageModule.swift */ = {isa = PBXFileReference; lastKnownFileType = sourcecode.swift; path = MarshalTrendTabPageModule.swift; sourceTree = "<group>"; };
		CA9FB8D6277C685E006D411C /* MarshalTabBar.swift */ = {isa = PBXFileReference; lastKnownFileType = sourcecode.swift; path = MarshalTabBar.swift; sourceTree = "<group>"; };
		CA9FB8DA277C9660006D411C /* RoundedCorners.swift */ = {isa = PBXFileReference; lastKnownFileType = sourcecode.swift; path = RoundedCorners.swift; sourceTree = "<group>"; };
		CA9FB8DC277CE9D7006D411C /* MarshalTrendingListEachRow.swift */ = {isa = PBXFileReference; lastKnownFileType = sourcecode.swift; path = MarshalTrendingListEachRow.swift; sourceTree = "<group>"; };
		CAD09B3C277DB1EF000BFC13 /* MarshalTopBarType01.swift */ = {isa = PBXFileReference; lastKnownFileType = sourcecode.swift; path = MarshalTopBarType01.swift; sourceTree = "<group>"; };
/* End PBXFileReference section */

/* Begin PBXFrameworksBuildPhase section */
		B82313D82775F0EA00743A42 /* Frameworks */ = {
			isa = PBXFrameworksBuildPhase;
			buildActionMask = 2147483647;
			files = (
				B818C8452784B65C00740769 /* Mantis in Frameworks */,
				B8AE1FC827760F000090125D /* SwiftyJSON in Frameworks */,
				B8AE1FCB27760F0B0090125D /* Alamofire in Frameworks */,
				540F659927B3DA6F007756A9 /* URLImage in Frameworks */,
				540F659B27B3DA6F007756A9 /* URLImageStore in Frameworks */,
				54D2481C27B264A500538D47 /* SwiftUIGIF in Frameworks */,
			);
			runOnlyForDeploymentPostprocessing = 0;
		};
/* End PBXFrameworksBuildPhase section */

/* Begin PBXGroup section */
		540B0B982794522D0001F3C0 /* enum */ = {
			isa = PBXGroup;
			children = (
				B886A943278899EB007879EB /* HomePages.swift */,
				5482F9B427941570004772A4 /* WalletPages.swift */,
				540B0B99279452940001F3C0 /* UserLevelPages.swift */,
			);
			path = enum;
			sourceTree = "<group>";
		};
		540F659427B396D4007756A9 /* Profile */ = {
			isa = PBXGroup;
			children = (
				540F659527B396EC007756A9 /* ProfileModule.swift */,
				B8BA97B527CF5E3400BE7E30 /* UserCart.swift */,
			);
			path = Profile;
			sourceTree = "<group>";
		};
		5421EA4327900B3700DCA41B /* refreshebleScrollView */ = {
			isa = PBXGroup;
			children = (
				5421EA4427900B6E00DCA41B /* RefreshableScrollView.swift */,
			);
			path = refreshebleScrollView;
			sourceTree = "<group>";
		};
		54B028A727B8E2D900D38609 /* History */ = {
			isa = PBXGroup;
			children = (
				54B028A827B8E30A00D38609 /* HistoryModule.swift */,
				C1F8A8A327DCCB1500EDDE2D /* HistoyRow.swift */,
			);
			path = History;
			sourceTree = "<group>";
		};
		54D2481327B2627800538D47 /* Investment */ = {
			isa = PBXGroup;
			children = (
				54D2481427B262A400538D47 /* InvestmentModule.swift */,
				5462A6AB27B7986B007059D3 /* marshal.gif */,
			);
			path = Investment;
			sourceTree = "<group>";
		};
		B81807F22782F3BC00E67616 /* completeProfile */ = {
			isa = PBXGroup;
			children = (
				CA4B9D6E2780390E0070272F /* MarshalCompleteProfileStepBar.swift */,
				CA4B9D72278057890070272F /* UploadImageStep.swift */,
				CA4B9D74278189D20070272F /* UserLevelModule.swift */,
				CA4B9D76278193B80070272F /* PertianImformationStep.swift */,
				CA4B9D782781992C0070272F /* EnglishInformationStep.swift */,
				CA4B9D7A27819C1E0070272F /* WorkInformationStep.swift */,
				CA4B9D7C27819EC20070272F /* EducationInformationStep.swift */,
				540B0B96279451950001F3C0 /* UserLevelRow.swift */,
			);
			path = completeProfile;
			sourceTree = "<group>";
		};
		B81807F32782F41800E67616 /* exchenge */ = {
			isa = PBXGroup;
			children = (
				CA9FB8DC277CE9D7006D411C /* MarshalTrendingListEachRow.swift */,
				B81807F42782F60200E67616 /* ExchangeTopBar.swift */,
				B88AFABE278883DC00E6B450 /* ExchangeList.swift */,
				B8CF231B27A5BAD60070F85C /* ExchangePage.swift */,
			);
			path = exchenge;
			sourceTree = "<group>";
		};
		B818C83C2784875D00740769 /* photo */ = {
			isa = PBXGroup;
			children = (
				B818C83D2784879700740769 /* ImagePicker.swift */,
				B818C83F2784886500740769 /* Photo.swift */,
				B818C8412784B50800740769 /* ImageCropper.swift */,
				540F659C27B3DB24007756A9 /* DownloadImage.swift */,
			);
			path = photo;
			sourceTree = "<group>";
		};
		B82313D22775F0EA00743A42 = {
			isa = PBXGroup;
			children = (
				B82313DD2775F0EA00743A42 /* Marshal */,
				B82313DC2775F0EA00743A42 /* Products */,
			);
			sourceTree = "<group>";
		};
		B82313DC2775F0EA00743A42 /* Products */ = {
			isa = PBXGroup;
			children = (
				B82313DB2775F0EA00743A42 /* Marshal.app */,
			);
			name = Products;
			sourceTree = "<group>";
		};
		B82313DD2775F0EA00743A42 /* Marshal */ = {
			isa = PBXGroup;
			children = (
				B8AE1FA327760EAA0090125D /* font */,
				B8AE1F9D2775F82E0090125D /* View */,
				B8AE1F9E2775F84E0090125D /* Model */,
				B8BD264F2775F41D00213CB8 /* Info.plist */,
				B82313DE2775F0EA00743A42 /* MarshalApp.swift */,
				B82313E22775F0EB00743A42 /* Assets.xcassets */,
				B82313E42775F0EB00743A42 /* Preview Content */,
			);
			path = Marshal;
			sourceTree = "<group>";
		};
		B82313E42775F0EB00743A42 /* Preview Content */ = {
			isa = PBXGroup;
			children = (
				B82313E52775F0EB00743A42 /* Preview Assets.xcassets */,
			);
			path = "Preview Content";
			sourceTree = "<group>";
		};
		B886F26D278DE2760083ADC7 /* wallet */ = {
			isa = PBXGroup;
			children = (
				B886F26E278DE3050083ADC7 /* MarshalWalletTabPageModule.swift */,
				5489A4EC2792F01B0068E122 /* WalletTransfer.swift */,
				5421EA462790288800DCA41B /* WalletRowModule.swift */,
				5489A4E82792EB830068E122 /* WalletPriceList.swift */,
				5489A4EA2792EEED0068E122 /* WalletDeposit.swift */,
				5489A4EE2792FD3E0068E122 /* WalletWithdraw.swift */,
				5482F9B2279413F9004772A4 /* MarshalWalletTabBar.swift */,
			);
			path = wallet;
			sourceTree = "<group>";
		};
		B8AE1F982775F6FB0090125D /* Module */ = {
			isa = PBXGroup;
			children = (
				54B028A727B8E2D900D38609 /* History */,
				540F659427B396D4007756A9 /* Profile */,
				54D2481327B2627800538D47 /* Investment */,
				5421EA4327900B3700DCA41B /* refreshebleScrollView */,
				B886F26D278DE2760083ADC7 /* wallet */,
				B81807F22782F3BC00E67616 /* completeProfile */,
				B81807F32782F41800E67616 /* exchenge */,
				B8AE1F902775F60D0090125D /* MarshalPhoneNumber.swift */,
				B8AE1F922775F6430090125D /* CountryList.swift */,
				B8AE1F942775F6720090125D /* MarshalTextField.swift */,
				B8AE1F962775F6D80090125D /* Submit.swift */,
				CA9FB8D6277C685E006D411C /* MarshalTabBar.swift */,
				CAD09B3C277DB1EF000BFC13 /* MarshalTopBarType01.swift */,
				CA4B9D7E27830AB80070272F /* CompleteProfileAllStepModule.swift */,
				CA745B99278457F7009CF62A /* MarshalTrendTabPageModule.swift */,
				B8E7B0B827BBDEE100639D59 /* MarshalDatePicker.swift */,
				B8E7B0BA27BC05D600639D59 /* MarhalDateOfBirth.swift */,
			);
			path = Module;
			sourceTree = "<group>";
		};
		B8AE1F9D2775F82E0090125D /* View */ = {
			isa = PBXGroup;
			children = (
				B8AE1F982775F6FB0090125D /* Module */,
				B8AE1F992775F7190090125D /* Login.swift */,
				B8AE1F9B2775F7690090125D /* Splash.swift */,
				B8F2923F277B1A7C004F75A4 /* Home.swift */,
			);
			path = View;
			sourceTree = "<group>";
		};
		B8AE1F9E2775F84E0090125D /* Model */ = {
			isa = PBXGroup;
			children = (
				540B0B982794522D0001F3C0 /* enum */,
				B8F6D2DB278730F200121964 /* Api */,
				B818C83C2784875D00740769 /* photo */,
				B8AE1FD02776155A0090125D /* status */,
				B8AE1F9F2775F9A90090125D /* CountryCodes.swift */,
				B8AE1FCE2776110D0090125D /* NetworkManeger.swift */,
				B8D2C1802779D29600F0C207 /* User.swift */,
				B8D2C182277A411A00F0C207 /* Information.swift */,
				CA9FB8DA277C9660006D411C /* RoundedCorners.swift */,
				B80FC7BF27858CA100EAEB40 /* ConstantData.swift */,
				B8F6D2D52786E51800121964 /* Extentions.swift */,
				B8F6D2D727871F1E00121964 /* Currency.swift */,
				5421EA4827902ADC00DCA41B /* WalletCurrency.swift */,
				5421EA4A27902FC800DCA41B /* WalletModel.swift */,
				540B0B9B2794537F0001F3C0 /* UserLevelModel.swift */,
				543EDD1727BA46380005E23D /* Dictionery.swift */,
				C1F8A8A527DCCC3800EDDE2D /* HistoryModel.swift */,
			);
			path = Model;
			sourceTree = "<group>";
		};
		B8AE1FA327760EAA0090125D /* font */ = {
			isa = PBXGroup;
			children = (
				5470E3B227CF8E4A009A0F27 /* Far-Bank.ttf */,
				B8AE1FAE27760ECE0090125D /* IRANSansMobileFaNum Black.ttf */,
				B8AE1FAA27760ECD0090125D /* IRANSansMobileFaNum Bold.ttf */,
				B8AE1FAC27760ECE0090125D /* IRANSansMobileFaNum Light.ttf */,
				B8AE1FB127760ECE0090125D /* IRANSansMobileFaNum Medium.ttf */,
				B8AE1FA627760ECD0090125D /* IRANSansMobileFaNum UltraLight.ttf */,
				B8AE1FB327760ECE0090125D /* IRANSansMobileNoEn Black.ttf */,
				B8AE1FB227760ECE0090125D /* IRANSansMobileNoEn Bold.ttf */,
				B8AE1FB427760ECE0090125D /* IRANSansMobileNoEn Light.ttf */,
				B8AE1FA527760ECD0090125D /* IRANSansMobileNoEn Medium.ttf */,
				B8AE1FA427760ECD0090125D /* IRANSansMobileNoEn UltraLight.ttf */,
				B8AE1FA927760ECD0090125D /* Roboto Black.ttf */,
				B8AE1FB027760ECE0090125D /* Roboto Bold.ttf */,
				B8AE1FAD27760ECE0090125D /* Roboto Italic.ttf */,
				B8AE1FA727760ECD0090125D /* Roboto Light.ttf */,
				B8AE1FAF27760ECE0090125D /* Roboto Medium.ttf */,
				B8AE1FAB27760ECD0090125D /* Roboto Regular.ttf */,
				B8AE1FA827760ECD0090125D /* Roboto Thin.ttf */,
			);
			path = font;
			sourceTree = "<group>";
		};
		B8AE1FD02776155A0090125D /* status */ = {
			isa = PBXGroup;
			children = (
				B8AE1FA12775F9DA0090125D /* Status.swift */,
				B8AE1FD3277617350090125D /* ProgressViewMarshal.swift */,
				B8AE1FD5277618E60090125D /* FailedMarshal.swift */,
				B8AE1FD7277619990090125D /* NetworkFailed.swift */,
			);
			path = status;
			sourceTree = "<group>";
		};
		B8F6D2DB278730F200121964 /* Api */ = {
			isa = PBXGroup;
			children = (
				B8AE1FCC27760F230090125D /* CallApi.swift */,
				B8F6D2D92787210000121964 /* ConvertJsonToObject.swift */,
			);
			path = Api;
			sourceTree = "<group>";
		};
/* End PBXGroup section */

/* Begin PBXNativeTarget section */
		B82313DA2775F0EA00743A42 /* Marshal */ = {
			isa = PBXNativeTarget;
			buildConfigurationList = B82313E92775F0EB00743A42 /* Build configuration list for PBXNativeTarget "Marshal" */;
			buildPhases = (
				B82313D72775F0EA00743A42 /* Sources */,
				B82313D82775F0EA00743A42 /* Frameworks */,
				B82313D92775F0EA00743A42 /* Resources */,
			);
			buildRules = (
			);
			dependencies = (
			);
			name = Marshal;
			packageProductDependencies = (
				B8AE1FC727760F000090125D /* SwiftyJSON */,
				B8AE1FCA27760F0B0090125D /* Alamofire */,
				B818C8442784B65C00740769 /* Mantis */,
				54D2481B27B264A500538D47 /* SwiftUIGIF */,
				540F659827B3DA6F007756A9 /* URLImage */,
				540F659A27B3DA6F007756A9 /* URLImageStore */,
			);
			productName = Marshal;
			productReference = B82313DB2775F0EA00743A42 /* Marshal.app */;
			productType = "com.apple.product-type.application";
		};
/* End PBXNativeTarget section */

/* Begin PBXProject section */
		B82313D32775F0EA00743A42 /* Project object */ = {
			isa = PBXProject;
			attributes = {
				BuildIndependentTargetsInParallel = 1;
				LastSwiftUpdateCheck = 1310;
				LastUpgradeCheck = 1310;
				TargetAttributes = {
					B82313DA2775F0EA00743A42 = {
						CreatedOnToolsVersion = 13.1;
					};
				};
			};
			buildConfigurationList = B82313D62775F0EA00743A42 /* Build configuration list for PBXProject "Marshal" */;
			compatibilityVersion = "Xcode 13.0";
			developmentRegion = en;
			hasScannedForEncodings = 0;
			knownRegions = (
				en,
				Base,
			);
			mainGroup = B82313D22775F0EA00743A42;
			packageReferences = (
				B8AE1FC627760F000090125D /* XCRemoteSwiftPackageReference "SwiftyJSON" */,
				B8AE1FC927760F0B0090125D /* XCRemoteSwiftPackageReference "Alamofire" */,
				B818C8432784B65C00740769 /* XCRemoteSwiftPackageReference "Mantis" */,
				54D2481A27B264A500538D47 /* XCRemoteSwiftPackageReference "swiftui-gif" */,
				540F659727B3DA6F007756A9 /* XCRemoteSwiftPackageReference "url-image" */,
			);
			productRefGroup = B82313DC2775F0EA00743A42 /* Products */;
			projectDirPath = "";
			projectRoot = "";
			targets = (
				B82313DA2775F0EA00743A42 /* Marshal */,
			);
		};
/* End PBXProject section */

/* Begin PBXResourcesBuildPhase section */
		B82313D92775F0EA00743A42 /* Resources */ = {
			isa = PBXResourcesBuildPhase;
			buildActionMask = 2147483647;
			files = (
				B8AE1FBE27760ECE0090125D /* Roboto Italic.ttf in Resources */,
				B8AE1FB527760ECE0090125D /* IRANSansMobileNoEn UltraLight.ttf in Resources */,
				B8AE1FB627760ECE0090125D /* IRANSansMobileNoEn Medium.ttf in Resources */,
				B8AE1FBD27760ECE0090125D /* IRANSansMobileFaNum Light.ttf in Resources */,
				B82313E62775F0EB00743A42 /* Preview Assets.xcassets in Resources */,
				B8AE1FBF27760ECE0090125D /* IRANSansMobileFaNum Black.ttf in Resources */,
				B82313E32775F0EB00743A42 /* Assets.xcassets in Resources */,
				5470E3B327CF8E4A009A0F27 /* Far-Bank.ttf in Resources */,
				B8AE1FC127760ECE0090125D /* Roboto Bold.ttf in Resources */,
				B8AE1FB727760ECE0090125D /* IRANSansMobileFaNum UltraLight.ttf in Resources */,
				B8AE1FC227760ECE0090125D /* IRANSansMobileFaNum Medium.ttf in Resources */,
				B8AE1FB927760ECE0090125D /* Roboto Thin.ttf in Resources */,
				5462A6AC27B7986B007059D3 /* marshal.gif in Resources */,
				B8AE1FC027760ECE0090125D /* Roboto Medium.ttf in Resources */,
				B8AE1FBA27760ECE0090125D /* Roboto Black.ttf in Resources */,
				B8AE1FC327760ECE0090125D /* IRANSansMobileNoEn Bold.ttf in Resources */,
				B8AE1FC527760ECE0090125D /* IRANSansMobileNoEn Light.ttf in Resources */,
				B8AE1FBC27760ECE0090125D /* Roboto Regular.ttf in Resources */,
				B8AE1FB827760ECE0090125D /* Roboto Light.ttf in Resources */,
				B8AE1FC427760ECE0090125D /* IRANSansMobileNoEn Black.ttf in Resources */,
				B8AE1FBB27760ECE0090125D /* IRANSansMobileFaNum Bold.ttf in Resources */,
			);
			runOnlyForDeploymentPostprocessing = 0;
		};
/* End PBXResourcesBuildPhase section */

/* Begin PBXSourcesBuildPhase section */
		B82313D72775F0EA00743A42 /* Sources */ = {
			isa = PBXSourcesBuildPhase;
			buildActionMask = 2147483647;
			files = (
				B8AE1FD4277617350090125D /* ProgressViewMarshal.swift in Sources */,
				CA4B9D6F2780390F0070272F /* MarshalCompleteProfileStepBar.swift in Sources */,
				B8AE1F9A2775F7190090125D /* Login.swift in Sources */,
				B818C8422784B50800740769 /* ImageCropper.swift in Sources */,
				CA4B9D7F27830AB80070272F /* CompleteProfileAllStepModule.swift in Sources */,
				B80FC7C027858CA100EAEB40 /* ConstantData.swift in Sources */,
				C1F8A8A627DCCC3800EDDE2D /* HistoryModel.swift in Sources */,
				B88AFABF278883DC00E6B450 /* ExchangeList.swift in Sources */,
				540F659D27B3DB24007756A9 /* DownloadImage.swift in Sources */,
				5489A4E92792EB830068E122 /* WalletPriceList.swift in Sources */,
				B8AE1F952775F6720090125D /* MarshalTextField.swift in Sources */,
				5482F9B527941570004772A4 /* WalletPages.swift in Sources */,
				B886F26F278DE3050083ADC7 /* MarshalWalletTabPageModule.swift in Sources */,
				B8AE1FD8277619990090125D /* NetworkFailed.swift in Sources */,
				B8F6D2D62786E51800121964 /* Extentions.swift in Sources */,
				B8CF231C27A5BAD60070F85C /* ExchangePage.swift in Sources */,
				B8F6D2DA2787210000121964 /* ConvertJsonToObject.swift in Sources */,
				5489A4ED2792F01B0068E122 /* WalletTransfer.swift in Sources */,
				B886A944278899EB007879EB /* HomePages.swift in Sources */,
				54B028A927B8E30A00D38609 /* HistoryModule.swift in Sources */,
				540B0B9A279452940001F3C0 /* UserLevelPages.swift in Sources */,
				B8E7B0BB27BC05D600639D59 /* MarhalDateOfBirth.swift in Sources */,
				B8F29240277B1A7C004F75A4 /* Home.swift in Sources */,
				5489A4EB2792EEED0068E122 /* WalletDeposit.swift in Sources */,
				B8D2C1812779D29600F0C207 /* User.swift in Sources */,
				540F659627B396EC007756A9 /* ProfileModule.swift in Sources */,
				CA4B9D75278189D20070272F /* UserLevelModule.swift in Sources */,
				5421EA472790288800DCA41B /* WalletRowModule.swift in Sources */,
				B8AE1F9C2775F7690090125D /* Splash.swift in Sources */,
				54D2481527B262A400538D47 /* InvestmentModule.swift in Sources */,
				5482F9B3279413F9004772A4 /* MarshalWalletTabBar.swift in Sources */,
				CA4B9D732780578A0070272F /* UploadImageStep.swift in Sources */,
				B818C8402784886500740769 /* Photo.swift in Sources */,
				5421EA4B27902FC800DCA41B /* WalletModel.swift in Sources */,
				CA9FB8D7277C685E006D411C /* MarshalTabBar.swift in Sources */,
				C1F8A8A427DCCB1500EDDE2D /* HistoyRow.swift in Sources */,
				CA745B9A278457F7009CF62A /* MarshalTrendTabPageModule.swift in Sources */,
				CA4B9D7D27819EC20070272F /* EducationInformationStep.swift in Sources */,
				B8AE1F932775F6430090125D /* CountryList.swift in Sources */,
				B818C83E2784879700740769 /* ImagePicker.swift in Sources */,
				B8AE1FA22775F9DA0090125D /* Status.swift in Sources */,
				CA9FB8DD277CE9D8006D411C /* MarshalTrendingListEachRow.swift in Sources */,
				CAD09B3D277DB1EF000BFC13 /* MarshalTopBarType01.swift in Sources */,
				B8AE1FCD27760F230090125D /* CallApi.swift in Sources */,
				CA4B9D7B27819C1E0070272F /* WorkInformationStep.swift in Sources */,
				B8AE1F912775F60D0090125D /* MarshalPhoneNumber.swift in Sources */,
				CA9FB8DB277C9661006D411C /* RoundedCorners.swift in Sources */,
				543EDD1827BA46380005E23D /* Dictionery.swift in Sources */,
				5421EA4927902ADC00DCA41B /* WalletCurrency.swift in Sources */,
				5421EA4527900B6E00DCA41B /* RefreshableScrollView.swift in Sources */,
				540B0B9C2794537F0001F3C0 /* UserLevelModel.swift in Sources */,
				B81807F52782F60300E67616 /* ExchangeTopBar.swift in Sources */,
				B8AE1FA02775F9A90090125D /* CountryCodes.swift in Sources */,
				B8AE1FCF2776110D0090125D /* NetworkManeger.swift in Sources */,
				B8AE1F972775F6D80090125D /* Submit.swift in Sources */,
				CA4B9D792781992C0070272F /* EnglishInformationStep.swift in Sources */,
				CA4B9D77278193B80070272F /* PertianImformationStep.swift in Sources */,
				B8E7B0B927BBDEE100639D59 /* MarshalDatePicker.swift in Sources */,
				B8AE1FD6277618E60090125D /* FailedMarshal.swift in Sources */,
				B8F6D2D827871F1E00121964 /* Currency.swift in Sources */,
				B8BA97B627CF5E3400BE7E30 /* UserCart.swift in Sources */,
				5489A4EF2792FD3E0068E122 /* WalletWithdraw.swift in Sources */,
				540B0B97279451950001F3C0 /* UserLevelRow.swift in Sources */,
				B8D2C183277A411A00F0C207 /* Information.swift in Sources */,
				B82313DF2775F0EA00743A42 /* MarshalApp.swift in Sources */,
			);
			runOnlyForDeploymentPostprocessing = 0;
		};
/* End PBXSourcesBuildPhase section */

/* Begin XCBuildConfiguration section */
		B82313E72775F0EB00743A42 /* Debug */ = {
			isa = XCBuildConfiguration;
			buildSettings = {
				ALWAYS_SEARCH_USER_PATHS = NO;
				CLANG_ANALYZER_NONNULL = YES;
				CLANG_ANALYZER_NUMBER_OBJECT_CONVERSION = YES_AGGRESSIVE;
				CLANG_CXX_LANGUAGE_STANDARD = "gnu++17";
				CLANG_CXX_LIBRARY = "libc++";
				CLANG_ENABLE_MODULES = YES;
				CLANG_ENABLE_OBJC_ARC = YES;
				CLANG_ENABLE_OBJC_WEAK = YES;
				CLANG_WARN_BLOCK_CAPTURE_AUTORELEASING = YES;
				CLANG_WARN_BOOL_CONVERSION = YES;
				CLANG_WARN_COMMA = YES;
				CLANG_WARN_CONSTANT_CONVERSION = YES;
				CLANG_WARN_DEPRECATED_OBJC_IMPLEMENTATIONS = YES;
				CLANG_WARN_DIRECT_OBJC_ISA_USAGE = YES_ERROR;
				CLANG_WARN_DOCUMENTATION_COMMENTS = YES;
				CLANG_WARN_EMPTY_BODY = YES;
				CLANG_WARN_ENUM_CONVERSION = YES;
				CLANG_WARN_INFINITE_RECURSION = YES;
				CLANG_WARN_INT_CONVERSION = YES;
				CLANG_WARN_NON_LITERAL_NULL_CONVERSION = YES;
				CLANG_WARN_OBJC_IMPLICIT_RETAIN_SELF = YES;
				CLANG_WARN_OBJC_LITERAL_CONVERSION = YES;
				CLANG_WARN_OBJC_ROOT_CLASS = YES_ERROR;
				CLANG_WARN_QUOTED_INCLUDE_IN_FRAMEWORK_HEADER = YES;
				CLANG_WARN_RANGE_LOOP_ANALYSIS = YES;
				CLANG_WARN_STRICT_PROTOTYPES = YES;
				CLANG_WARN_SUSPICIOUS_MOVE = YES;
				CLANG_WARN_UNGUARDED_AVAILABILITY = YES_AGGRESSIVE;
				CLANG_WARN_UNREACHABLE_CODE = YES;
				CLANG_WARN__DUPLICATE_METHOD_MATCH = YES;
				COPY_PHASE_STRIP = NO;
				DEBUG_INFORMATION_FORMAT = dwarf;
				ENABLE_STRICT_OBJC_MSGSEND = YES;
				ENABLE_TESTABILITY = YES;
				GCC_C_LANGUAGE_STANDARD = gnu11;
				GCC_DYNAMIC_NO_PIC = NO;
				GCC_NO_COMMON_BLOCKS = YES;
				GCC_OPTIMIZATION_LEVEL = 0;
				GCC_PREPROCESSOR_DEFINITIONS = (
					"DEBUG=1",
					"$(inherited)",
				);
				GCC_WARN_64_TO_32_BIT_CONVERSION = YES;
				GCC_WARN_ABOUT_RETURN_TYPE = YES_ERROR;
				GCC_WARN_UNDECLARED_SELECTOR = YES;
				GCC_WARN_UNINITIALIZED_AUTOS = YES_AGGRESSIVE;
				GCC_WARN_UNUSED_FUNCTION = YES;
				GCC_WARN_UNUSED_VARIABLE = YES;
				IPHONEOS_DEPLOYMENT_TARGET = 15.0;
				MTL_ENABLE_DEBUG_INFO = INCLUDE_SOURCE;
				MTL_FAST_MATH = YES;
				ONLY_ACTIVE_ARCH = YES;
				SDKROOT = iphoneos;
				SWIFT_ACTIVE_COMPILATION_CONDITIONS = DEBUG;
				SWIFT_OPTIMIZATION_LEVEL = "-Onone";
			};
			name = Debug;
		};
		B82313E82775F0EB00743A42 /* Release */ = {
			isa = XCBuildConfiguration;
			buildSettings = {
				ALWAYS_SEARCH_USER_PATHS = NO;
				CLANG_ANALYZER_NONNULL = YES;
				CLANG_ANALYZER_NUMBER_OBJECT_CONVERSION = YES_AGGRESSIVE;
				CLANG_CXX_LANGUAGE_STANDARD = "gnu++17";
				CLANG_CXX_LIBRARY = "libc++";
				CLANG_ENABLE_MODULES = YES;
				CLANG_ENABLE_OBJC_ARC = YES;
				CLANG_ENABLE_OBJC_WEAK = YES;
				CLANG_WARN_BLOCK_CAPTURE_AUTORELEASING = YES;
				CLANG_WARN_BOOL_CONVERSION = YES;
				CLANG_WARN_COMMA = YES;
				CLANG_WARN_CONSTANT_CONVERSION = YES;
				CLANG_WARN_DEPRECATED_OBJC_IMPLEMENTATIONS = YES;
				CLANG_WARN_DIRECT_OBJC_ISA_USAGE = YES_ERROR;
				CLANG_WARN_DOCUMENTATION_COMMENTS = YES;
				CLANG_WARN_EMPTY_BODY = YES;
				CLANG_WARN_ENUM_CONVERSION = YES;
				CLANG_WARN_INFINITE_RECURSION = YES;
				CLANG_WARN_INT_CONVERSION = YES;
				CLANG_WARN_NON_LITERAL_NULL_CONVERSION = YES;
				CLANG_WARN_OBJC_IMPLICIT_RETAIN_SELF = YES;
				CLANG_WARN_OBJC_LITERAL_CONVERSION = YES;
				CLANG_WARN_OBJC_ROOT_CLASS = YES_ERROR;
				CLANG_WARN_QUOTED_INCLUDE_IN_FRAMEWORK_HEADER = YES;
				CLANG_WARN_RANGE_LOOP_ANALYSIS = YES;
				CLANG_WARN_STRICT_PROTOTYPES = YES;
				CLANG_WARN_SUSPICIOUS_MOVE = YES;
				CLANG_WARN_UNGUARDED_AVAILABILITY = YES_AGGRESSIVE;
				CLANG_WARN_UNREACHABLE_CODE = YES;
				CLANG_WARN__DUPLICATE_METHOD_MATCH = YES;
				COPY_PHASE_STRIP = NO;
				DEBUG_INFORMATION_FORMAT = "dwarf-with-dsym";
				ENABLE_NS_ASSERTIONS = NO;
				ENABLE_STRICT_OBJC_MSGSEND = YES;
				GCC_C_LANGUAGE_STANDARD = gnu11;
				GCC_NO_COMMON_BLOCKS = YES;
				GCC_WARN_64_TO_32_BIT_CONVERSION = YES;
				GCC_WARN_ABOUT_RETURN_TYPE = YES_ERROR;
				GCC_WARN_UNDECLARED_SELECTOR = YES;
				GCC_WARN_UNINITIALIZED_AUTOS = YES_AGGRESSIVE;
				GCC_WARN_UNUSED_FUNCTION = YES;
				GCC_WARN_UNUSED_VARIABLE = YES;
				IPHONEOS_DEPLOYMENT_TARGET = 15.0;
				MTL_ENABLE_DEBUG_INFO = NO;
				MTL_FAST_MATH = YES;
				SDKROOT = iphoneos;
				SWIFT_COMPILATION_MODE = wholemodule;
				SWIFT_OPTIMIZATION_LEVEL = "-O";
				VALIDATE_PRODUCT = YES;
			};
			name = Release;
		};
		B82313EA2775F0EB00743A42 /* Debug */ = {
			isa = XCBuildConfiguration;
			buildSettings = {
				ASSETCATALOG_COMPILER_APPICON_NAME = AppIcon;
				ASSETCATALOG_COMPILER_GLOBAL_ACCENT_COLOR_NAME = AccentColor;
				CODE_SIGN_IDENTITY = "Apple Development";
				CODE_SIGN_STYLE = Automatic;
				CURRENT_PROJECT_VERSION = 1;
				DEVELOPMENT_ASSET_PATHS = "\"Marshal/Preview Content\"";
				DEVELOPMENT_TEAM = 5PU53245X2;
				ENABLE_PREVIEWS = YES;
				GENERATE_INFOPLIST_FILE = YES;
				INFOPLIST_FILE = Marshal/Info.plist;
				INFOPLIST_KEY_NSCameraUsageDescription = "";
				INFOPLIST_KEY_UIApplicationSceneManifest_Generation = YES;
				INFOPLIST_KEY_UIApplicationSupportsIndirectInputEvents = YES;
				INFOPLIST_KEY_UILaunchScreen_Generation = YES;
				INFOPLIST_KEY_UISupportedInterfaceOrientations = UIInterfaceOrientationPortrait;
				INFOPLIST_KEY_UISupportedInterfaceOrientations_iPad = "UIInterfaceOrientationPortrait UIInterfaceOrientationPortraitUpsideDown UIInterfaceOrientationLandscapeLeft UIInterfaceOrientationLandscapeRight";
				INFOPLIST_KEY_UISupportedInterfaceOrientations_iPhone = "UIInterfaceOrientationPortrait UIInterfaceOrientationLandscapeLeft UIInterfaceOrientationLandscapeRight";
				LD_RUNPATH_SEARCH_PATHS = (
					"$(inherited)",
					"@executable_path/Frameworks",
				);
				MARKETING_VERSION = 1.0;
				PRODUCT_BUNDLE_IDENTIFIER = com.Blur.Marshal;
				PRODUCT_NAME = "$(TARGET_NAME)";
				PROVISIONING_PROFILE_SPECIFIER = "";
				SWIFT_EMIT_LOC_STRINGS = YES;
				SWIFT_VERSION = 5.0;
				TARGETED_DEVICE_FAMILY = 1;
			};
			name = Debug;
		};
		B82313EB2775F0EB00743A42 /* Release */ = {
			isa = XCBuildConfiguration;
			buildSettings = {
				ASSETCATALOG_COMPILER_APPICON_NAME = AppIcon;
				ASSETCATALOG_COMPILER_GLOBAL_ACCENT_COLOR_NAME = AccentColor;
				CODE_SIGN_IDENTITY = "Apple Development";
				CODE_SIGN_STYLE = Automatic;
				CURRENT_PROJECT_VERSION = 1;
				DEVELOPMENT_ASSET_PATHS = "\"Marshal/Preview Content\"";
				DEVELOPMENT_TEAM = 5PU53245X2;
				ENABLE_PREVIEWS = YES;
				GENERATE_INFOPLIST_FILE = YES;
				INFOPLIST_FILE = Marshal/Info.plist;
				INFOPLIST_KEY_NSCameraUsageDescription = "";
				INFOPLIST_KEY_UIApplicationSceneManifest_Generation = YES;
				INFOPLIST_KEY_UIApplicationSupportsIndirectInputEvents = YES;
				INFOPLIST_KEY_UILaunchScreen_Generation = YES;
				INFOPLIST_KEY_UISupportedInterfaceOrientations = UIInterfaceOrientationPortrait;
				INFOPLIST_KEY_UISupportedInterfaceOrientations_iPad = "UIInterfaceOrientationPortrait UIInterfaceOrientationPortraitUpsideDown UIInterfaceOrientationLandscapeLeft UIInterfaceOrientationLandscapeRight";
				INFOPLIST_KEY_UISupportedInterfaceOrientations_iPhone = "UIInterfaceOrientationPortrait UIInterfaceOrientationLandscapeLeft UIInterfaceOrientationLandscapeRight";
				LD_RUNPATH_SEARCH_PATHS = (
					"$(inherited)",
					"@executable_path/Frameworks",
				);
				MARKETING_VERSION = 1.0;
				PRODUCT_BUNDLE_IDENTIFIER = com.Blur.Marshal;
				PRODUCT_NAME = "$(TARGET_NAME)";
				PROVISIONING_PROFILE_SPECIFIER = "";
				SWIFT_EMIT_LOC_STRINGS = YES;
				SWIFT_VERSION = 5.0;
				TARGETED_DEVICE_FAMILY = 1;
			};
			name = Release;
		};
/* End XCBuildConfiguration section */

/* Begin XCConfigurationList section */
		B82313D62775F0EA00743A42 /* Build configuration list for PBXProject "Marshal" */ = {
			isa = XCConfigurationList;
			buildConfigurations = (
				B82313E72775F0EB00743A42 /* Debug */,
				B82313E82775F0EB00743A42 /* Release */,
			);
			defaultConfigurationIsVisible = 0;
			defaultConfigurationName = Release;
		};
		B82313E92775F0EB00743A42 /* Build configuration list for PBXNativeTarget "Marshal" */ = {
			isa = XCConfigurationList;
			buildConfigurations = (
				B82313EA2775F0EB00743A42 /* Debug */,
				B82313EB2775F0EB00743A42 /* Release */,
			);
			defaultConfigurationIsVisible = 0;
			defaultConfigurationName = Release;
		};
/* End XCConfigurationList section */

/* Begin XCRemoteSwiftPackageReference section */
		540F659727B3DA6F007756A9 /* XCRemoteSwiftPackageReference "url-image" */ = {
			isa = XCRemoteSwiftPackageReference;
			repositoryURL = "https://github.com/dmytro-anokhin/url-image.git";
			requirement = {
				branch = main;
				kind = branch;
			};
		};
		54D2481A27B264A500538D47 /* XCRemoteSwiftPackageReference "swiftui-gif" */ = {
			isa = XCRemoteSwiftPackageReference;
			repositoryURL = "https://github.com/globulus/swiftui-gif.git";
			requirement = {
				kind = upToNextMajorVersion;
				minimumVersion = 1.0.0;
			};
		};
		B818C8432784B65C00740769 /* XCRemoteSwiftPackageReference "Mantis" */ = {
			isa = XCRemoteSwiftPackageReference;
			repositoryURL = "https://github.com/guoyingtao/Mantis.git";
			requirement = {
				kind = upToNextMajorVersion;
				minimumVersion = 1.0.0;
			};
		};
		B8AE1FC627760F000090125D /* XCRemoteSwiftPackageReference "SwiftyJSON" */ = {
			isa = XCRemoteSwiftPackageReference;
			repositoryURL = "https://github.com/SwiftyJSON/SwiftyJSON.git";
			requirement = {
				branch = master;
				kind = branch;
			};
		};
		B8AE1FC927760F0B0090125D /* XCRemoteSwiftPackageReference "Alamofire" */ = {
			isa = XCRemoteSwiftPackageReference;
			repositoryURL = "https://github.com/Alamofire/Alamofire.git";
			requirement = {
				branch = master;
				kind = branch;
			};
		};
/* End XCRemoteSwiftPackageReference section */

/* Begin XCSwiftPackageProductDependency section */
		540F659827B3DA6F007756A9 /* URLImage */ = {
			isa = XCSwiftPackageProductDependency;
			package = 540F659727B3DA6F007756A9 /* XCRemoteSwiftPackageReference "url-image" */;
			productName = URLImage;
		};
		540F659A27B3DA6F007756A9 /* URLImageStore */ = {
			isa = XCSwiftPackageProductDependency;
			package = 540F659727B3DA6F007756A9 /* XCRemoteSwiftPackageReference "url-image" */;
			productName = URLImageStore;
		};
		54D2481B27B264A500538D47 /* SwiftUIGIF */ = {
			isa = XCSwiftPackageProductDependency;
			package = 54D2481A27B264A500538D47 /* XCRemoteSwiftPackageReference "swiftui-gif" */;
			productName = SwiftUIGIF;
		};
		B818C8442784B65C00740769 /* Mantis */ = {
			isa = XCSwiftPackageProductDependency;
			package = B818C8432784B65C00740769 /* XCRemoteSwiftPackageReference "Mantis" */;
			productName = Mantis;
		};
		B8AE1FC727760F000090125D /* SwiftyJSON */ = {
			isa = XCSwiftPackageProductDependency;
			package = B8AE1FC627760F000090125D /* XCRemoteSwiftPackageReference "SwiftyJSON" */;
			productName = SwiftyJSON;
		};
		B8AE1FCA27760F0B0090125D /* Alamofire */ = {
			isa = XCSwiftPackageProductDependency;
			package = B8AE1FC927760F0B0090125D /* XCRemoteSwiftPackageReference "Alamofire" */;
			productName = Alamofire;
		};
/* End XCSwiftPackageProductDependency section */
	};
	rootObject = B82313D32775F0EA00743A42 /* Project object */;
}
