{
  "object": {
    "pins": [
      {
        "package": "Alamofire",
        "repositoryURL": "https://github.com/Alamofire/Alamofire.git",
        "state": {
          "branch": "master",
          "revision": "f82c23a8a7ef8dc1a49a8bfc6a96883e79121864",
          "version": null
        }
      },
      {
        "package": "Mantis",
        "repositoryURL": "https://github.com/guoyingtao/Mantis.git",
        "state": {
          "branch": null,
          "revision": "98698eecc6b57cdccc0ae4c6856910d89068eba3",
          "version": "1.8.0"
        }
      },
      {
        "package": "SwiftUIGIF",
        "repositoryURL": "https://github.com/globulus/swiftui-gif.git",
        "state": {
          "branch": null,
          "revision": "1bb63c180520ca4f86d65f1046007ac98b6f83e6",
          "version": "1.0.0"
        }
      },
      {
        "package": "SwiftyJSON",
        "repositoryURL": "https://github.com/SwiftyJSON/SwiftyJSON.git",
        "state": {
          "branch": "master",
          "revision": "b3dcd7dbd0d488e1a7077cb33b00f2083e382f07",
          "version": null
        }
      },
      {
        "package": "URLImage",
        "repositoryURL": "https://github.com/dmytro-anokhin/url-image.git",
        "state": {
          "branch": "main",
          "revision": "20abda498bf8fe78631b1057b77078147598962b",
          "version": null
        }
      }
    ]
  },
  "version": 1
}
